<Solution>
  <Project Path="ConferenceBooking.Application/ConferenceBooking.Application.csproj" />
  <Project Path="ConferenceBooking.Domain/ConferenceBooking.Domain.csproj" />
  <Project Path="ConferenceBooking.Infrastructure/ConferenceBooking.Infrastructure.csproj" />
  <Project Path="ConferenceBooking/ConferenceBooking.Presentation.csproj" />
</Solution>
